<?xml version="1.0" encoding="UTF-8" standalone="yes" ?>
<CodeBlocks_project_file>
	<FileVersion major="1" minor="6" />
	<Project>
		<Option title="ARA_2.0" />
		<Option pch_mode="2" />
		<Option compiler="gcc" />
		<Build>
			<Target title="Debug">
				<Option output="bin/Debug/ARA_2" prefix_auto="1" extension_auto="1" />
				<Option object_output="obj/Debug/" />
				<Option type="1" />
				<Option compiler="gcc" />
				<Compiler>
					<Add option="-g" />
				</Compiler>
			</Target>
			<Target title="Release">
				<Option output="bin/Release/ARA_2" prefix_auto="1" extension_auto="1" />
				<Option object_output="obj/Release/" />
				<Option type="1" />
				<Option compiler="gcc" />
				<Compiler>
					<Add option="-O2" />
				</Compiler>
				<Linker>
					<Add option="-s" />
				</Linker>
			</Target>
		</Build>
		<Compiler>
			<Add option="-Wall" />
			<Add option="-DSFML_STATIC" />
			<Add directory="C:/SFML-2.5.1/include" />
		</Compiler>
		<Linker>
			<Add library="sfml-system" />
			<Add library="sfml-window" />
			<Add library="sfml-graphics" />
			<Add library="sfml-audio" />
			<Add directory="C:/SFML-2.5.1/lib" />
		</Linker>
		<Unit filename="include/animation.h" />
		<Unit filename="include/draw.h" />
		<Unit filename="include/functions.h" />
		<Unit filename="include/gameStatus.h" />
		<Unit filename="include/header.h" />
		<Unit filename="include/mapRemoving.h" />
		<Unit filename="include/pole.h" />
		<Unit filename="include/rules.h" />
		<Unit filename="include/saves.h" />
		<Unit filename="include/settings.h" />
		<Unit filename="include/sounds.h" />
		<Unit filename="include/startingVars.h" />
		<Unit filename="include/textures.h" />
		<Unit filename="main.cpp" />
		<Extensions>
			<code_completion />
			<envvars />
			<debugger />
			<lib_finder disable_auto="1" />
		</Extensions>
	</Project>
</CodeBlocks_project_file>
